<?xml version="1.0" encoding="UTF-8"?>
<!DOCTYPE plist PUBLIC "-//Apple//DTD PLIST 1.0//EN" "http://www.apple.com/DTDs/PropertyList-1.0.dtd">
<plist version="1.0">
<dict>
	<key>archiveVersion</key>
	<string>1</string>
	<key>classes</key>
	<dict/>
	<key>objectVersion</key>
	<string>46</string>
	<key>objects</key>
	<dict>
		<key>0613F0031B643CB30051384D</key>
		<dict>
			<key>children</key>
			<array>
				<string>0613F0051B643CB30051384D</string>
				<string>06E635891B65848B00C35246</string>
				<string>06E6358D1B65A0BE00C35246</string>
				<string>0613F0091B643CB30051384D</string>
				<string>06E6358F1B65A10200C35246</string>
				<string>06E635931B65BA5400C35246</string>
				<string>0613F0061B643CB30051384D</string>
			</array>
			<key>isa</key>
			<string>PBXGroup</string>
			<key>path</key>
			<string>ReactiveDataSource</string>
			<key>sourceTree</key>
			<string>&lt;group&gt;</string>
		</dict>
		<key>0613F0041B643CB30051384D</key>
		<dict>
			<key>fileEncoding</key>
			<string>4</string>
			<key>isa</key>
			<string>PBXFileReference</string>
			<key>lastKnownFileType</key>
			<string>sourcecode.swift</string>
			<key>path</key>
			<string>Array+Extensions.swift</string>
			<key>sourceTree</key>
			<string>&lt;group&gt;</string>
		</dict>
		<key>0613F0051B643CB30051384D</key>
		<dict>
			<key>fileEncoding</key>
			<string>4</string>
			<key>isa</key>
			<string>PBXFileReference</string>
			<key>lastKnownFileType</key>
			<string>sourcecode.swift</string>
			<key>path</key>
			<string>Association.swift</string>
			<key>sourceTree</key>
			<string>&lt;group&gt;</string>
		</dict>
		<key>0613F0061B643CB30051384D</key>
		<dict>
			<key>children</key>
			<array>
				<string>0613F0071B643CB30051384D</string>
				<string>0613F0081B643CB30051384D</string>
			</array>
			<key>isa</key>
			<string>PBXGroup</string>
			<key>path</key>
			<string>Supporting Files</string>
			<key>sourceTree</key>
			<string>&lt;group&gt;</string>
		</dict>
		<key>0613F0071B643CB30051384D</key>
		<dict>
			<key>fileEncoding</key>
			<string>4</string>
			<key>isa</key>
			<string>PBXFileReference</string>
			<key>lastKnownFileType</key>
			<string>text.plist.xml</string>
			<key>path</key>
			<string>Info.plist</string>
			<key>sourceTree</key>
			<string>&lt;group&gt;</string>
		</dict>
		<key>0613F0081B643CB30051384D</key>
		<dict>
			<key>fileEncoding</key>
			<string>4</string>
			<key>isa</key>
			<string>PBXFileReference</string>
			<key>lastKnownFileType</key>
			<string>sourcecode.c.h</string>
			<key>path</key>
			<string>ReactiveDataSource.h</string>
			<key>sourceTree</key>
			<string>&lt;group&gt;</string>
		</dict>
		<key>0613F0091B643CB30051384D</key>
		<dict>
			<key>fileEncoding</key>
			<string>4</string>
			<key>isa</key>
			<string>PBXFileReference</string>
			<key>lastKnownFileType</key>
			<string>sourcecode.swift</string>
			<key>path</key>
			<string>TableViewDataSource.swift</string>
			<key>sourceTree</key>
			<string>&lt;group&gt;</string>
		</dict>
		<key>0613F00A1B643CB30051384D</key>
		<dict>
			<key>fileEncoding</key>
			<string>4</string>
			<key>isa</key>
			<string>PBXFileReference</string>
			<key>lastKnownFileType</key>
			<string>sourcecode.swift</string>
			<key>path</key>
			<string>UITableViewCell+ReactiveCocoa.swift</string>
			<key>sourceTree</key>
			<string>&lt;group&gt;</string>
		</dict>
		<key>0613F00B1B643CB30051384D</key>
		<dict>
			<key>fileRef</key>
			<string>0613F0041B643CB30051384D</string>
			<key>isa</key>
			<string>PBXBuildFile</string>
		</dict>
		<key>0613F00C1B643CB30051384D</key>
		<dict>
			<key>fileRef</key>
			<string>0613F0051B643CB30051384D</string>
			<key>isa</key>
			<string>PBXBuildFile</string>
		</dict>
		<key>0613F00E1B643CB30051384D</key>
		<dict>
			<key>fileRef</key>
			<string>0613F0081B643CB30051384D</string>
			<key>isa</key>
			<string>PBXBuildFile</string>
			<key>settings</key>
			<dict>
				<key>ATTRIBUTES</key>
				<array>
					<string>Public</string>
				</array>
			</dict>
		</dict>
		<key>0613F00F1B643CB30051384D</key>
		<dict>
			<key>fileRef</key>
			<string>0613F0091B643CB30051384D</string>
			<key>isa</key>
			<string>PBXBuildFile</string>
		</dict>
		<key>0613F0101B643CB30051384D</key>
		<dict>
			<key>fileRef</key>
			<string>0613F00A1B643CB30051384D</string>
			<key>isa</key>
			<string>PBXBuildFile</string>
		</dict>
		<key>0613F0111B643CC10051384D</key>
		<dict>
			<key>children</key>
			<array>
				<string>0613F0161B643D120051384D</string>
				<string>0613F0131B643CC10051384D</string>
			</array>
			<key>isa</key>
			<string>PBXGroup</string>
			<key>path</key>
			<string>UnitTests</string>
			<key>sourceTree</key>
			<string>&lt;group&gt;</string>
		</dict>
		<key>0613F0121B643CC10051384D</key>
		<dict>
			<key>fileEncoding</key>
			<string>4</string>
			<key>isa</key>
			<string>PBXFileReference</string>
			<key>lastKnownFileType</key>
			<string>text.plist.xml</string>
			<key>path</key>
			<string>Info.plist</string>
			<key>sourceTree</key>
			<string>&lt;group&gt;</string>
		</dict>
		<key>0613F0131B643CC10051384D</key>
		<dict>
			<key>fileEncoding</key>
			<string>4</string>
			<key>isa</key>
			<string>PBXFileReference</string>
			<key>lastKnownFileType</key>
			<string>sourcecode.swift</string>
			<key>path</key>
			<string>ReactiveTableViewTests.swift</string>
			<key>sourceTree</key>
			<string>&lt;group&gt;</string>
		</dict>
		<key>0613F0151B643CC10051384D</key>
		<dict>
			<key>fileRef</key>
			<string>0613F0131B643CC10051384D</string>
			<key>isa</key>
			<string>PBXBuildFile</string>
		</dict>
		<key>0613F0161B643D120051384D</key>
		<dict>
			<key>children</key>
			<array>
				<string>0613F0121B643CC10051384D</string>
			</array>
			<key>isa</key>
			<string>PBXGroup</string>
			<key>path</key>
			<string>Supporting Files</string>
			<key>sourceTree</key>
			<string>&lt;group&gt;</string>
		</dict>
		<key>0613F01E1B643FEC0051384D</key>
		<dict>
			<key>buildActionMask</key>
			<string>2147483647</string>
			<key>dstPath</key>
			<string></string>
			<key>dstSubfolderSpec</key>
			<string>10</string>
			<key>files</key>
			<array>
				<string>0613F01F1B643FF50051384D</string>
				<string>0613F0201B643FF50051384D</string>
			</array>
			<key>isa</key>
			<string>PBXCopyFilesBuildPhase</string>
			<key>runOnlyForDeploymentPostprocessing</key>
			<string>0</string>
		</dict>
		<key>0613F01F1B643FF50051384D</key>
		<dict>
			<key>fileRef</key>
			<string>0641999A1B6433C400424C84</string>
			<key>isa</key>
			<string>PBXBuildFile</string>
			<key>settings</key>
			<dict>
				<key>ATTRIBUTES</key>
				<array>
					<string>CodeSignOnCopy</string>
					<string>RemoveHeadersOnCopy</string>
				</array>
			</dict>
		</dict>
		<key>0613F0201B643FF50051384D</key>
		<dict>
			<key>fileRef</key>
			<string>0641999B1B6433C400424C84</string>
			<key>isa</key>
			<string>PBXBuildFile</string>
			<key>settings</key>
			<dict>
				<key>ATTRIBUTES</key>
				<array>
					<string>CodeSignOnCopy</string>
					<string>RemoveHeadersOnCopy</string>
				</array>
			</dict>
		</dict>
		<key>0613F0221B6440550051384D</key>
		<dict>
			<key>isa</key>
			<string>PBXFileReference</string>
			<key>lastKnownFileType</key>
			<string>wrapper.framework</string>
			<key>name</key>
			<string>Nimble.framework</string>
			<key>path</key>
			<string>Carthage/Build/iOS/Nimble.framework</string>
			<key>sourceTree</key>
			<string>&lt;group&gt;</string>
		</dict>
		<key>0613F0231B6440550051384D</key>
		<dict>
			<key>isa</key>
			<string>PBXFileReference</string>
			<key>lastKnownFileType</key>
			<string>wrapper.framework</string>
			<key>name</key>
			<string>Quick.framework</string>
			<key>path</key>
			<string>Carthage/Build/iOS/Quick.framework</string>
			<key>sourceTree</key>
			<string>&lt;group&gt;</string>
		</dict>
		<key>0613F0261B6440590051384D</key>
		<dict>
			<key>buildActionMask</key>
			<string>2147483647</string>
			<key>dstPath</key>
			<string></string>
			<key>dstSubfolderSpec</key>
			<string>10</string>
			<key>files</key>
			<array>
				<string>0613F02C1B6441110051384D</string>
				<string>0613F02D1B6441110051384D</string>
			</array>
			<key>isa</key>
			<string>PBXCopyFilesBuildPhase</string>
			<key>runOnlyForDeploymentPostprocessing</key>
			<string>0</string>
		</dict>
		<key>0613F0291B6440BA0051384D</key>
		<dict>
			<key>fileRef</key>
			<string>06B97DF71B6432F9005D2C86</string>
			<key>isa</key>
			<string>PBXBuildFile</string>
		</dict>
		<key>0613F02A1B6441040051384D</key>
		<dict>
			<key>fileRef</key>
			<string>0613F0221B6440550051384D</string>
			<key>isa</key>
			<string>PBXBuildFile</string>
		</dict>
		<key>0613F02B1B6441040051384D</key>
		<dict>
			<key>fileRef</key>
			<string>0613F0231B6440550051384D</string>
			<key>isa</key>
			<string>PBXBuildFile</string>
		</dict>
		<key>0613F02C1B6441110051384D</key>
		<dict>
			<key>fileRef</key>
			<string>0613F0221B6440550051384D</string>
			<key>isa</key>
			<string>PBXBuildFile</string>
			<key>settings</key>
			<dict>
				<key>ATTRIBUTES</key>
				<array>
					<string>CodeSignOnCopy</string>
					<string>RemoveHeadersOnCopy</string>
				</array>
			</dict>
		</dict>
		<key>0613F02D1B6441110051384D</key>
		<dict>
			<key>fileRef</key>
			<string>0613F0231B6440550051384D</string>
			<key>isa</key>
			<string>PBXBuildFile</string>
			<key>settings</key>
			<dict>
				<key>ATTRIBUTES</key>
				<array>
					<string>CodeSignOnCopy</string>
					<string>RemoveHeadersOnCopy</string>
				</array>
			</dict>
		</dict>
		<key>0641999A1B6433C400424C84</key>
		<dict>
			<key>isa</key>
			<string>PBXFileReference</string>
			<key>lastKnownFileType</key>
			<string>wrapper.framework</string>
			<key>name</key>
			<string>ReactiveCocoa.framework</string>
			<key>path</key>
			<string>Carthage/Build/iOS/ReactiveCocoa.framework</string>
			<key>sourceTree</key>
			<string>&lt;group&gt;</string>
		</dict>
		<key>0641999B1B6433C400424C84</key>
		<dict>
			<key>isa</key>
			<string>PBXFileReference</string>
			<key>lastKnownFileType</key>
			<string>wrapper.framework</string>
			<key>name</key>
			<string>Result.framework</string>
			<key>path</key>
			<string>Carthage/Build/iOS/Result.framework</string>
			<key>sourceTree</key>
			<string>&lt;group&gt;</string>
		</dict>
		<key>0641999C1B6433C400424C84</key>
		<dict>
			<key>fileRef</key>
			<string>0641999A1B6433C400424C84</string>
			<key>isa</key>
			<string>PBXBuildFile</string>
		</dict>
		<key>0641999E1B64346F00424C84</key>
		<dict>
			<key>children</key>
			<array>
				<string>0613F0221B6440550051384D</string>
				<string>0613F0231B6440550051384D</string>
				<string>0641999A1B6433C400424C84</string>
				<string>0641999B1B6433C400424C84</string>
			</array>
			<key>isa</key>
			<string>PBXGroup</string>
			<key>name</key>
			<string>Frameworks</string>
			<key>sourceTree</key>
			<string>&lt;group&gt;</string>
		</dict>
		<key>0641999F1B6434C200424C84</key>
		<dict>
			<key>fileRef</key>
			<string>0641999B1B6433C400424C84</string>
			<key>isa</key>
			<string>PBXBuildFile</string>
		</dict>
		<key>064199A21B64351900424C84</key>
		<dict>
			<key>buildActionMask</key>
			<string>2147483647</string>
			<key>files</key>
			<array>
				<string>06E635AF1B65BE2400C35246</string>
				<string>06E635B31B65BE2400C35246</string>
				<string>06E635B11B65BE2400C35246</string>
				<string>06E635AE1B65BE2400C35246</string>
				<string>06E635B01B65BE2400C35246</string>
				<string>064199A91B64351900424C84</string>
				<string>064199D41B64397700424C84</string>
				<string>064199D71B64399300424C84</string>
				<string>06E635B51B65BE9300C35246</string>
				<string>06E635B21B65BE2400C35246</string>
				<string>064199C81B64356900424C84</string>
			</array>
			<key>isa</key>
			<string>PBXSourcesBuildPhase</string>
			<key>runOnlyForDeploymentPostprocessing</key>
			<string>0</string>
		</dict>
		<key>064199A31B64351900424C84</key>
		<dict>
			<key>buildActionMask</key>
			<string>2147483647</string>
			<key>files</key>
			<array>
				<string>064199CA1B64358C00424C84</string>
				<string>064199CF1B64359800424C84</string>
			</array>
			<key>isa</key>
			<string>PBXFrameworksBuildPhase</string>
			<key>runOnlyForDeploymentPostprocessing</key>
			<string>0</string>
		</dict>
		<key>064199A41B64351900424C84</key>
		<dict>
			<key>buildActionMask</key>
			<string>2147483647</string>
			<key>files</key>
			<array>
				<string>064199B31B64351900424C84</string>
				<string>064199B01B64351900424C84</string>
				<string>064199AE1B64351900424C84</string>
			</array>
			<key>isa</key>
			<string>PBXResourcesBuildPhase</string>
			<key>runOnlyForDeploymentPostprocessing</key>
			<string>0</string>
		</dict>
		<key>064199A51B64351900424C84</key>
		<dict>
			<key>buildConfigurationList</key>
			<string>064199C01B64351900424C84</string>
			<key>buildPhases</key>
			<array>
				<string>064199A21B64351900424C84</string>
				<string>064199A31B64351900424C84</string>
				<string>064199A41B64351900424C84</string>
				<string>064199CE1B64358C00424C84</string>
			</array>
			<key>buildRules</key>
			<array/>
			<key>dependencies</key>
			<array>
				<string>064199CD1B64358C00424C84</string>
			</array>
			<key>isa</key>
			<string>PBXNativeTarget</string>
			<key>name</key>
			<string>Example</string>
			<key>productName</key>
			<string>Example</string>
			<key>productReference</key>
			<string>064199A61B64351900424C84</string>
			<key>productType</key>
			<string>com.apple.product-type.application</string>
		</dict>
		<key>064199A61B64351900424C84</key>
		<dict>
			<key>explicitFileType</key>
			<string>wrapper.application</string>
			<key>includeInIndex</key>
			<string>0</string>
			<key>isa</key>
			<string>PBXFileReference</string>
			<key>path</key>
			<string>Example.app</string>
			<key>sourceTree</key>
			<string>BUILT_PRODUCTS_DIR</string>
		</dict>
		<key>064199A71B64351900424C84</key>
		<dict>
			<key>children</key>
			<array>
				<string>064199A81B64351900424C84</string>
				<string>064199C61B64356900424C84</string>
				<string>06E635B41B65BE9300C35246</string>
				<string>06E635A61B65BE2400C35246</string>
				<string>06E635AA1B65BE2400C35246</string>
				<string>064199D51B64397C00424C84</string>
				<string>064199AC1B64351900424C84</string>
				<string>064199AF1B64351900424C84</string>
				<string>064199B11B64351900424C84</string>
				<string>064199B41B64351900424C84</string>
			</array>
			<key>isa</key>
			<string>PBXGroup</string>
			<key>path</key>
			<string>Example</string>
			<key>sourceTree</key>
			<string>&lt;group&gt;</string>
		</dict>
		<key>064199A81B64351900424C84</key>
		<dict>
			<key>isa</key>
			<string>PBXFileReference</string>
			<key>lastKnownFileType</key>
			<string>sourcecode.swift</string>
			<key>path</key>
			<string>AppDelegate.swift</string>
			<key>sourceTree</key>
			<string>&lt;group&gt;</string>
		</dict>
		<key>064199A91B64351900424C84</key>
		<dict>
			<key>fileRef</key>
			<string>064199A81B64351900424C84</string>
			<key>isa</key>
			<string>PBXBuildFile</string>
		</dict>
		<key>064199AC1B64351900424C84</key>
		<dict>
			<key>children</key>
			<array>
				<string>064199AD1B64351900424C84</string>
			</array>
			<key>isa</key>
			<string>PBXVariantGroup</string>
			<key>name</key>
			<string>Main.storyboard</string>
			<key>path</key>
			<string>.</string>
			<key>sourceTree</key>
			<string>&lt;group&gt;</string>
		</dict>
		<key>064199AD1B64351900424C84</key>
		<dict>
			<key>isa</key>
			<string>PBXFileReference</string>
			<key>lastKnownFileType</key>
			<string>file.storyboard</string>
			<key>name</key>
			<string>Base</string>
			<key>path</key>
			<string>Base.lproj/Main.storyboard</string>
			<key>sourceTree</key>
			<string>&lt;group&gt;</string>
		</dict>
		<key>064199AE1B64351900424C84</key>
		<dict>
			<key>fileRef</key>
			<string>064199AC1B64351900424C84</string>
			<key>isa</key>
			<string>PBXBuildFile</string>
		</dict>
		<key>064199AF1B64351900424C84</key>
		<dict>
			<key>isa</key>
			<string>PBXFileReference</string>
			<key>lastKnownFileType</key>
			<string>folder.assetcatalog</string>
			<key>path</key>
			<string>Assets.xcassets</string>
			<key>sourceTree</key>
			<string>&lt;group&gt;</string>
		</dict>
		<key>064199B01B64351900424C84</key>
		<dict>
			<key>fileRef</key>
			<string>064199AF1B64351900424C84</string>
			<key>isa</key>
			<string>PBXBuildFile</string>
		</dict>
		<key>064199B11B64351900424C84</key>
		<dict>
			<key>children</key>
			<array>
				<string>064199B21B64351900424C84</string>
			</array>
			<key>isa</key>
			<string>PBXVariantGroup</string>
			<key>name</key>
			<string>LaunchScreen.storyboard</string>
			<key>path</key>
			<string>.</string>
			<key>sourceTree</key>
			<string>&lt;group&gt;</string>
		</dict>
		<key>064199B21B64351900424C84</key>
		<dict>
			<key>isa</key>
			<string>PBXFileReference</string>
			<key>lastKnownFileType</key>
			<string>file.storyboard</string>
			<key>name</key>
			<string>Base</string>
			<key>path</key>
			<string>Base.lproj/LaunchScreen.storyboard</string>
			<key>sourceTree</key>
			<string>&lt;group&gt;</string>
		</dict>
		<key>064199B31B64351900424C84</key>
		<dict>
			<key>fileRef</key>
			<string>064199B11B64351900424C84</string>
			<key>isa</key>
			<string>PBXBuildFile</string>
		</dict>
		<key>064199B41B64351900424C84</key>
		<dict>
			<key>isa</key>
			<string>PBXFileReference</string>
			<key>lastKnownFileType</key>
			<string>text.plist.xml</string>
			<key>path</key>
			<string>Info.plist</string>
			<key>sourceTree</key>
			<string>&lt;group&gt;</string>
		</dict>
		<key>064199C01B64351900424C84</key>
		<dict>
			<key>buildConfigurations</key>
			<array>
				<string>064199C11B64351900424C84</string>
				<string>064199C21B64351900424C84</string>
			</array>
			<key>defaultConfigurationIsVisible</key>
			<string>0</string>
			<key>defaultConfigurationName</key>
			<string>Release</string>
			<key>isa</key>
			<string>XCConfigurationList</string>
		</dict>
		<key>064199C11B64351900424C84</key>
		<dict>
			<key>buildSettings</key>
			<dict>
				<key>ASSETCATALOG_COMPILER_APPICON_NAME</key>
				<string>AppIcon</string>
				<key>EMBEDDED_CONTENT_CONTAINS_SWIFT</key>
				<string>YES</string>
				<key>FRAMEWORK_SEARCH_PATHS</key>
				<array>
					<string>$(inherited)</string>
					<string>$(PROJECT_DIR)/Carthage/Build/iOS</string>
				</array>
				<key>INFOPLIST_FILE</key>
				<string>Example/Info.plist</string>
				<key>LD_RUNPATH_SEARCH_PATHS</key>
				<string>$(inherited) @executable_path/Frameworks</string>
				<key>PRODUCT_BUNDLE_IDENTIFIER</key>
				<string>com.pierremarcairoldi.Example</string>
				<key>PRODUCT_NAME</key>
				<string>$(TARGET_NAME)</string>
			</dict>
			<key>isa</key>
			<string>XCBuildConfiguration</string>
			<key>name</key>
			<string>Debug</string>
		</dict>
		<key>064199C21B64351900424C84</key>
		<dict>
			<key>buildSettings</key>
			<dict>
				<key>ASSETCATALOG_COMPILER_APPICON_NAME</key>
				<string>AppIcon</string>
				<key>EMBEDDED_CONTENT_CONTAINS_SWIFT</key>
				<string>YES</string>
				<key>FRAMEWORK_SEARCH_PATHS</key>
				<array>
					<string>$(inherited)</string>
					<string>$(PROJECT_DIR)/Carthage/Build/iOS</string>
				</array>
				<key>INFOPLIST_FILE</key>
				<string>Example/Info.plist</string>
				<key>LD_RUNPATH_SEARCH_PATHS</key>
				<string>$(inherited) @executable_path/Frameworks</string>
				<key>PRODUCT_BUNDLE_IDENTIFIER</key>
				<string>com.pierremarcairoldi.Example</string>
				<key>PRODUCT_NAME</key>
				<string>$(TARGET_NAME)</string>
			</dict>
			<key>isa</key>
			<string>XCBuildConfiguration</string>
			<key>name</key>
			<string>Release</string>
		</dict>
		<key>064199C61B64356900424C84</key>
		<dict>
			<key>fileEncoding</key>
			<string>4</string>
			<key>isa</key>
			<string>PBXFileReference</string>
			<key>lastKnownFileType</key>
			<string>sourcecode.swift</string>
			<key>path</key>
			<string>RootViewController.swift</string>
			<key>sourceTree</key>
			<string>&lt;group&gt;</string>
		</dict>
		<key>064199C81B64356900424C84</key>
		<dict>
			<key>fileRef</key>
			<string>064199C61B64356900424C84</string>
			<key>isa</key>
			<string>PBXBuildFile</string>
		</dict>
		<key>064199CA1B64358C00424C84</key>
		<dict>
			<key>fileRef</key>
			<string>06B97DF71B6432F9005D2C86</string>
			<key>isa</key>
			<string>PBXBuildFile</string>
		</dict>
		<key>064199CB1B64358C00424C84</key>
		<dict>
			<key>fileRef</key>
			<string>06B97DF71B6432F9005D2C86</string>
			<key>isa</key>
			<string>PBXBuildFile</string>
			<key>settings</key>
			<dict>
				<key>ATTRIBUTES</key>
				<array>
					<string>CodeSignOnCopy</string>
					<string>RemoveHeadersOnCopy</string>
				</array>
			</dict>
		</dict>
		<key>064199CC1B64358C00424C84</key>
		<dict>
			<key>containerPortal</key>
			<string>06B97DEE1B6432F9005D2C86</string>
			<key>isa</key>
			<string>PBXContainerItemProxy</string>
			<key>proxyType</key>
			<string>1</string>
			<key>remoteGlobalIDString</key>
			<string>06B97DF61B6432F9005D2C86</string>
			<key>remoteInfo</key>
			<string>ReactiveTableView</string>
		</dict>
		<key>064199CD1B64358C00424C84</key>
		<dict>
			<key>isa</key>
			<string>PBXTargetDependency</string>
			<key>target</key>
			<string>06B97DF61B6432F9005D2C86</string>
			<key>targetProxy</key>
			<string>064199CC1B64358C00424C84</string>
		</dict>
		<key>064199CE1B64358C00424C84</key>
		<dict>
			<key>buildActionMask</key>
			<string>2147483647</string>
			<key>dstPath</key>
			<string></string>
			<key>dstSubfolderSpec</key>
			<string>10</string>
			<key>files</key>
			<array>
				<string>064199CB1B64358C00424C84</string>
				<string>064199D01B64359800424C84</string>
			</array>
			<key>isa</key>
			<string>PBXCopyFilesBuildPhase</string>
			<key>name</key>
			<string>Embed Frameworks</string>
			<key>runOnlyForDeploymentPostprocessing</key>
			<string>0</string>
		</dict>
		<key>064199CF1B64359800424C84</key>
		<dict>
			<key>fileRef</key>
			<string>0641999A1B6433C400424C84</string>
			<key>isa</key>
			<string>PBXBuildFile</string>
		</dict>
		<key>064199D01B64359800424C84</key>
		<dict>
			<key>fileRef</key>
			<string>0641999A1B6433C400424C84</string>
			<key>isa</key>
			<string>PBXBuildFile</string>
			<key>settings</key>
			<dict>
				<key>ATTRIBUTES</key>
				<array>
					<string>CodeSignOnCopy</string>
					<string>RemoveHeadersOnCopy</string>
				</array>
			</dict>
		</dict>
		<key>064199D31B64397700424C84</key>
		<dict>
			<key>fileEncoding</key>
			<string>4</string>
			<key>isa</key>
			<string>PBXFileReference</string>
			<key>lastKnownFileType</key>
			<string>sourcecode.swift</string>
			<key>path</key>
			<string>Association.swift</string>
			<key>sourceTree</key>
			<string>&lt;group&gt;</string>
		</dict>
		<key>064199D41B64397700424C84</key>
		<dict>
			<key>fileRef</key>
			<string>064199D31B64397700424C84</string>
			<key>isa</key>
			<string>PBXBuildFile</string>
		</dict>
		<key>064199D51B64397C00424C84</key>
		<dict>
			<key>children</key>
			<array>
				<string>064199D31B64397700424C84</string>
				<string>064199D61B64399300424C84</string>
			</array>
			<key>isa</key>
			<string>PBXGroup</string>
			<key>path</key>
			<string>Util</string>
			<key>sourceTree</key>
			<string>&lt;group&gt;</string>
		</dict>
		<key>064199D61B64399300424C84</key>
		<dict>
			<key>fileEncoding</key>
			<string>4</string>
			<key>isa</key>
			<string>PBXFileReference</string>
			<key>lastKnownFileType</key>
			<string>sourcecode.swift</string>
			<key>path</key>
			<string>UIKit+ReactiveCocoa.swift</string>
			<key>sourceTree</key>
			<string>&lt;group&gt;</string>
		</dict>
		<key>064199D71B64399300424C84</key>
		<dict>
			<key>fileRef</key>
			<string>064199D61B64399300424C84</string>
			<key>isa</key>
			<string>PBXBuildFile</string>
		</dict>
		<key>06B97DED1B6432F9005D2C86</key>
		<dict>
			<key>children</key>
			<array>
				<string>064199A71B64351900424C84</string>
				<string>0613F0031B643CB30051384D</string>
				<string>0613F0111B643CC10051384D</string>
				<string>0641999E1B64346F00424C84</string>
				<string>06B97DF81B6432F9005D2C86</string>
			</array>
			<key>isa</key>
			<string>PBXGroup</string>
			<key>sourceTree</key>
			<string>&lt;group&gt;</string>
		</dict>
		<key>06B97DEE1B6432F9005D2C86</key>
		<dict>
			<key>attributes</key>
			<dict>
				<key>LastSwiftUpdateCheck</key>
				<string>0700</string>
				<key>LastUpgradeCheck</key>
				<string>0700</string>
				<key>ORGANIZATIONNAME</key>
				<string>Pierre-Marc Airoldi</string>
				<key>TargetAttributes</key>
				<dict>
					<key>064199A51B64351900424C84</key>
					<dict>
						<key>CreatedOnToolsVersion</key>
						<string>7.0</string>
					</dict>
					<key>06B97DF61B6432F9005D2C86</key>
					<dict>
						<key>CreatedOnToolsVersion</key>
						<string>7.0</string>
					</dict>
					<key>06B97E001B6432F9005D2C86</key>
					<dict>
						<key>CreatedOnToolsVersion</key>
						<string>7.0</string>
					</dict>
				</dict>
			</dict>
			<key>buildConfigurationList</key>
			<string>06B97DF11B6432F9005D2C86</string>
			<key>compatibilityVersion</key>
			<string>Xcode 3.2</string>
			<key>developmentRegion</key>
			<string>English</string>
			<key>hasScannedForEncodings</key>
			<string>0</string>
			<key>isa</key>
			<string>PBXProject</string>
			<key>knownRegions</key>
			<array>
				<string>en</string>
				<string>Base</string>
			</array>
			<key>mainGroup</key>
			<string>06B97DED1B6432F9005D2C86</string>
			<key>productRefGroup</key>
			<string>06B97DF81B6432F9005D2C86</string>
			<key>projectDirPath</key>
			<string></string>
			<key>projectReferences</key>
			<array/>
			<key>projectRoot</key>
			<string></string>
			<key>targets</key>
			<array>
				<string>06B97DF61B6432F9005D2C86</string>
				<string>06B97E001B6432F9005D2C86</string>
				<string>064199A51B64351900424C84</string>
			</array>
		</dict>
		<key>06B97DF11B6432F9005D2C86</key>
		<dict>
			<key>buildConfigurations</key>
			<array>
				<string>06B97E091B6432F9005D2C86</string>
				<string>06B97E0A1B6432F9005D2C86</string>
			</array>
			<key>defaultConfigurationIsVisible</key>
			<string>0</string>
			<key>defaultConfigurationName</key>
			<string>Release</string>
			<key>isa</key>
			<string>XCConfigurationList</string>
		</dict>
		<key>06B97DF21B6432F9005D2C86</key>
		<dict>
			<key>buildActionMask</key>
			<string>2147483647</string>
			<key>files</key>
			<array>
				<string>06E6358A1B65848B00C35246</string>
				<string>06E6358E1B65A0BE00C35246</string>
				<string>0613F00B1B643CB30051384D</string>
				<string>06E635921B65BA3A00C35246</string>
				<string>0613F00F1B643CB30051384D</string>
				<string>0613F0101B643CB30051384D</string>
				<string>0613F00C1B643CB30051384D</string>
				<string>06E635901B65A10200C35246</string>
			</array>
			<key>isa</key>
			<string>PBXSourcesBuildPhase</string>
			<key>runOnlyForDeploymentPostprocessing</key>
			<string>0</string>
		</dict>
		<key>06B97DF31B6432F9005D2C86</key>
		<dict>
			<key>buildActionMask</key>
			<string>2147483647</string>
			<key>files</key>
			<array>
				<string>0641999F1B6434C200424C84</string>
				<string>0641999C1B6433C400424C84</string>
			</array>
			<key>isa</key>
			<string>PBXFrameworksBuildPhase</string>
			<key>runOnlyForDeploymentPostprocessing</key>
			<string>0</string>
		</dict>
		<key>06B97DF41B6432F9005D2C86</key>
		<dict>
			<key>buildActionMask</key>
			<string>2147483647</string>
			<key>files</key>
			<array>
				<string>0613F00E1B643CB30051384D</string>
			</array>
			<key>isa</key>
			<string>PBXHeadersBuildPhase</string>
			<key>runOnlyForDeploymentPostprocessing</key>
			<string>0</string>
		</dict>
		<key>06B97DF51B6432F9005D2C86</key>
		<dict>
			<key>buildActionMask</key>
			<string>2147483647</string>
			<key>files</key>
			<array/>
			<key>isa</key>
			<string>PBXResourcesBuildPhase</string>
			<key>runOnlyForDeploymentPostprocessing</key>
			<string>0</string>
		</dict>
		<key>06B97DF61B6432F9005D2C86</key>
		<dict>
			<key>buildConfigurationList</key>
			<string>06B97E0B1B6432F9005D2C86</string>
			<key>buildPhases</key>
			<array>
				<string>06B97DF21B6432F9005D2C86</string>
				<string>06B97DF31B6432F9005D2C86</string>
				<string>06B97DF41B6432F9005D2C86</string>
				<string>06B97DF51B6432F9005D2C86</string>
				<string>0613F01E1B643FEC0051384D</string>
			</array>
			<key>buildRules</key>
			<array/>
			<key>dependencies</key>
			<array/>
			<key>isa</key>
			<string>PBXNativeTarget</string>
			<key>name</key>
			<string>ReactiveDataSource</string>
			<key>productName</key>
			<string>ReactiveTableView</string>
			<key>productReference</key>
			<string>06B97DF71B6432F9005D2C86</string>
			<key>productType</key>
			<string>com.apple.product-type.framework</string>
		</dict>
		<key>06B97DF71B6432F9005D2C86</key>
		<dict>
			<key>explicitFileType</key>
			<string>wrapper.framework</string>
			<key>includeInIndex</key>
			<string>0</string>
			<key>isa</key>
			<string>PBXFileReference</string>
			<key>path</key>
			<string>ReactiveDataSource.framework</string>
			<key>sourceTree</key>
			<string>BUILT_PRODUCTS_DIR</string>
		</dict>
		<key>06B97DF81B6432F9005D2C86</key>
		<dict>
			<key>children</key>
			<array>
				<string>06B97DF71B6432F9005D2C86</string>
				<string>06B97E011B6432F9005D2C86</string>
				<string>064199A61B64351900424C84</string>
			</array>
			<key>isa</key>
			<string>PBXGroup</string>
			<key>name</key>
			<string>Products</string>
			<key>sourceTree</key>
			<string>&lt;group&gt;</string>
		</dict>
		<key>06B97DFD1B6432F9005D2C86</key>
		<dict>
			<key>buildActionMask</key>
			<string>2147483647</string>
			<key>files</key>
			<array>
				<string>0613F0151B643CC10051384D</string>
			</array>
			<key>isa</key>
			<string>PBXSourcesBuildPhase</string>
			<key>runOnlyForDeploymentPostprocessing</key>
			<string>0</string>
		</dict>
		<key>06B97DFE1B6432F9005D2C86</key>
		<dict>
			<key>buildActionMask</key>
			<string>2147483647</string>
			<key>files</key>
			<array>
				<string>0613F02A1B6441040051384D</string>
				<string>0613F02B1B6441040051384D</string>
				<string>0613F0291B6440BA0051384D</string>
			</array>
			<key>isa</key>
			<string>PBXFrameworksBuildPhase</string>
			<key>runOnlyForDeploymentPostprocessing</key>
			<string>0</string>
		</dict>
		<key>06B97DFF1B6432F9005D2C86</key>
		<dict>
			<key>buildActionMask</key>
			<string>2147483647</string>
			<key>files</key>
			<array/>
			<key>isa</key>
			<string>PBXResourcesBuildPhase</string>
			<key>runOnlyForDeploymentPostprocessing</key>
			<string>0</string>
		</dict>
		<key>06B97E001B6432F9005D2C86</key>
		<dict>
			<key>buildConfigurationList</key>
			<string>06B97E0E1B6432F9005D2C86</string>
			<key>buildPhases</key>
			<array>
				<string>06B97DFD1B6432F9005D2C86</string>
				<string>06B97DFE1B6432F9005D2C86</string>
				<string>06B97DFF1B6432F9005D2C86</string>
				<string>0613F0261B6440590051384D</string>
			</array>
			<key>buildRules</key>
			<array/>
			<key>dependencies</key>
			<array>
				<string>06B97E041B6432F9005D2C86</string>
			</array>
			<key>isa</key>
			<string>PBXNativeTarget</string>
			<key>name</key>
			<string>UnitTests</string>
			<key>productName</key>
			<string>ReactiveTableViewTests</string>
			<key>productReference</key>
			<string>06B97E011B6432F9005D2C86</string>
			<key>productType</key>
			<string>com.apple.product-type.bundle.unit-test</string>
		</dict>
		<key>06B97E011B6432F9005D2C86</key>
		<dict>
			<key>explicitFileType</key>
			<string>wrapper.cfbundle</string>
			<key>includeInIndex</key>
			<string>0</string>
			<key>isa</key>
			<string>PBXFileReference</string>
			<key>path</key>
			<string>UnitTests.xctest</string>
			<key>sourceTree</key>
			<string>BUILT_PRODUCTS_DIR</string>
		</dict>
		<key>06B97E031B6432F9005D2C86</key>
		<dict>
			<key>containerPortal</key>
			<string>06B97DEE1B6432F9005D2C86</string>
			<key>isa</key>
			<string>PBXContainerItemProxy</string>
			<key>proxyType</key>
			<string>1</string>
			<key>remoteGlobalIDString</key>
			<string>06B97DF61B6432F9005D2C86</string>
			<key>remoteInfo</key>
			<string>ReactiveTableView</string>
		</dict>
		<key>06B97E041B6432F9005D2C86</key>
		<dict>
			<key>isa</key>
			<string>PBXTargetDependency</string>
			<key>target</key>
			<string>06B97DF61B6432F9005D2C86</string>
			<key>targetProxy</key>
			<string>06B97E031B6432F9005D2C86</string>
		</dict>
		<key>06B97E091B6432F9005D2C86</key>
		<dict>
			<key>buildSettings</key>
			<dict>
				<key>ALWAYS_SEARCH_USER_PATHS</key>
				<string>NO</string>
				<key>CLANG_CXX_LANGUAGE_STANDARD</key>
				<string>gnu++0x</string>
				<key>CLANG_CXX_LIBRARY</key>
				<string>libc++</string>
				<key>CLANG_ENABLE_MODULES</key>
				<string>YES</string>
				<key>CLANG_ENABLE_OBJC_ARC</key>
				<string>YES</string>
				<key>CLANG_WARN_BOOL_CONVERSION</key>
				<string>YES</string>
				<key>CLANG_WARN_CONSTANT_CONVERSION</key>
				<string>YES</string>
				<key>CLANG_WARN_DIRECT_OBJC_ISA_USAGE</key>
				<string>YES_ERROR</string>
				<key>CLANG_WARN_EMPTY_BODY</key>
				<string>YES</string>
				<key>CLANG_WARN_ENUM_CONVERSION</key>
				<string>YES</string>
				<key>CLANG_WARN_INT_CONVERSION</key>
				<string>YES</string>
				<key>CLANG_WARN_OBJC_ROOT_CLASS</key>
				<string>YES_ERROR</string>
				<key>CLANG_WARN_UNREACHABLE_CODE</key>
				<string>YES</string>
				<key>CLANG_WARN__DUPLICATE_METHOD_MATCH</key>
				<string>YES</string>
				<key>CODE_SIGN_IDENTITY[sdk=iphoneos*]</key>
				<string>iPhone Developer</string>
				<key>COPY_PHASE_STRIP</key>
				<string>NO</string>
				<key>CURRENT_PROJECT_VERSION</key>
				<string>1</string>
				<key>DEBUG_INFORMATION_FORMAT</key>
				<string>dwarf</string>
				<key>ENABLE_STRICT_OBJC_MSGSEND</key>
				<string>YES</string>
				<key>ENABLE_TESTABILITY</key>
				<string>YES</string>
				<key>GCC_C_LANGUAGE_STANDARD</key>
				<string>gnu99</string>
				<key>GCC_DYNAMIC_NO_PIC</key>
				<string>NO</string>
				<key>GCC_NO_COMMON_BLOCKS</key>
				<string>YES</string>
				<key>GCC_OPTIMIZATION_LEVEL</key>
				<string>0</string>
				<key>GCC_PREPROCESSOR_DEFINITIONS</key>
				<array>
					<string>DEBUG=1</string>
					<string>$(inherited)</string>
				</array>
				<key>GCC_WARN_64_TO_32_BIT_CONVERSION</key>
				<string>YES</string>
				<key>GCC_WARN_ABOUT_RETURN_TYPE</key>
				<string>YES_ERROR</string>
				<key>GCC_WARN_UNDECLARED_SELECTOR</key>
				<string>YES</string>
				<key>GCC_WARN_UNINITIALIZED_AUTOS</key>
				<string>YES_AGGRESSIVE</string>
				<key>GCC_WARN_UNUSED_FUNCTION</key>
				<string>YES</string>
				<key>GCC_WARN_UNUSED_VARIABLE</key>
				<string>YES</string>
				<key>IPHONEOS_DEPLOYMENT_TARGET</key>
				<string>9.0</string>
				<key>MTL_ENABLE_DEBUG_INFO</key>
				<string>YES</string>
				<key>ONLY_ACTIVE_ARCH</key>
				<string>YES</string>
				<key>SDKROOT</key>
				<string>iphoneos</string>
				<key>SWIFT_OPTIMIZATION_LEVEL</key>
				<string>-Onone</string>
				<key>TARGETED_DEVICE_FAMILY</key>
				<string>1,2</string>
				<key>VERSIONING_SYSTEM</key>
				<string>apple-generic</string>
				<key>VERSION_INFO_PREFIX</key>
				<string></string>
			</dict>
			<key>isa</key>
			<string>XCBuildConfiguration</string>
			<key>name</key>
			<string>Debug</string>
		</dict>
		<key>06B97E0A1B6432F9005D2C86</key>
		<dict>
			<key>buildSettings</key>
			<dict>
				<key>ALWAYS_SEARCH_USER_PATHS</key>
				<string>NO</string>
				<key>CLANG_CXX_LANGUAGE_STANDARD</key>
				<string>gnu++0x</string>
				<key>CLANG_CXX_LIBRARY</key>
				<string>libc++</string>
				<key>CLANG_ENABLE_MODULES</key>
				<string>YES</string>
				<key>CLANG_ENABLE_OBJC_ARC</key>
				<string>YES</string>
				<key>CLANG_WARN_BOOL_CONVERSION</key>
				<string>YES</string>
				<key>CLANG_WARN_CONSTANT_CONVERSION</key>
				<string>YES</string>
				<key>CLANG_WARN_DIRECT_OBJC_ISA_USAGE</key>
				<string>YES_ERROR</string>
				<key>CLANG_WARN_EMPTY_BODY</key>
				<string>YES</string>
				<key>CLANG_WARN_ENUM_CONVERSION</key>
				<string>YES</string>
				<key>CLANG_WARN_INT_CONVERSION</key>
				<string>YES</string>
				<key>CLANG_WARN_OBJC_ROOT_CLASS</key>
				<string>YES_ERROR</string>
				<key>CLANG_WARN_UNREACHABLE_CODE</key>
				<string>YES</string>
				<key>CLANG_WARN__DUPLICATE_METHOD_MATCH</key>
				<string>YES</string>
				<key>CODE_SIGN_IDENTITY[sdk=iphoneos*]</key>
				<string>iPhone Developer</string>
				<key>COPY_PHASE_STRIP</key>
				<string>NO</string>
				<key>CURRENT_PROJECT_VERSION</key>
				<string>1</string>
				<key>DEBUG_INFORMATION_FORMAT</key>
				<string>dwarf-with-dsym</string>
				<key>ENABLE_NS_ASSERTIONS</key>
				<string>NO</string>
				<key>ENABLE_STRICT_OBJC_MSGSEND</key>
				<string>YES</string>
				<key>GCC_C_LANGUAGE_STANDARD</key>
				<string>gnu99</string>
				<key>GCC_NO_COMMON_BLOCKS</key>
				<string>YES</string>
				<key>GCC_WARN_64_TO_32_BIT_CONVERSION</key>
				<string>YES</string>
				<key>GCC_WARN_ABOUT_RETURN_TYPE</key>
				<string>YES_ERROR</string>
				<key>GCC_WARN_UNDECLARED_SELECTOR</key>
				<string>YES</string>
				<key>GCC_WARN_UNINITIALIZED_AUTOS</key>
				<string>YES_AGGRESSIVE</string>
				<key>GCC_WARN_UNUSED_FUNCTION</key>
				<string>YES</string>
				<key>GCC_WARN_UNUSED_VARIABLE</key>
				<string>YES</string>
				<key>IPHONEOS_DEPLOYMENT_TARGET</key>
				<string>9.0</string>
				<key>MTL_ENABLE_DEBUG_INFO</key>
				<string>NO</string>
				<key>SDKROOT</key>
				<string>iphoneos</string>
				<key>TARGETED_DEVICE_FAMILY</key>
				<string>1,2</string>
				<key>VALIDATE_PRODUCT</key>
				<string>YES</string>
				<key>VERSIONING_SYSTEM</key>
				<string>apple-generic</string>
				<key>VERSION_INFO_PREFIX</key>
				<string></string>
			</dict>
			<key>isa</key>
			<string>XCBuildConfiguration</string>
			<key>name</key>
			<string>Release</string>
		</dict>
		<key>06B97E0B1B6432F9005D2C86</key>
		<dict>
			<key>buildConfigurations</key>
			<array>
				<string>06B97E0C1B6432F9005D2C86</string>
				<string>06B97E0D1B6432F9005D2C86</string>
			</array>
			<key>defaultConfigurationIsVisible</key>
			<string>0</string>
			<key>defaultConfigurationName</key>
			<string>Release</string>
			<key>isa</key>
			<string>XCConfigurationList</string>
		</dict>
		<key>06B97E0C1B6432F9005D2C86</key>
		<dict>
			<key>buildSettings</key>
			<dict>
				<key>CLANG_ENABLE_MODULES</key>
				<string>YES</string>
				<key>DEFINES_MODULE</key>
				<string>YES</string>
				<key>DYLIB_COMPATIBILITY_VERSION</key>
				<string>1</string>
				<key>DYLIB_CURRENT_VERSION</key>
				<string>1</string>
				<key>DYLIB_INSTALL_NAME_BASE</key>
				<string>@rpath</string>
				<key>FRAMEWORK_SEARCH_PATHS</key>
				<array>
					<string>$(inherited)</string>
					<string>$(PROJECT_DIR)/Carthage/Build/iOS</string>
				</array>
				<key>INFOPLIST_FILE</key>
				<string>ReactiveDataSource/Supporting Files/Info.plist</string>
				<key>INSTALL_PATH</key>
				<string>$(LOCAL_LIBRARY_DIR)/Frameworks</string>
				<key>LD_RUNPATH_SEARCH_PATHS</key>
				<string>$(inherited) @executable_path/Frameworks @loader_path/Frameworks</string>
				<key>PRODUCT_BUNDLE_IDENTIFIER</key>
				<string>com.pierremarcairoldi.reactive-datasource</string>
				<key>PRODUCT_NAME</key>
				<string>$(TARGET_NAME)</string>
				<key>SKIP_INSTALL</key>
				<string>YES</string>
				<key>SWIFT_OPTIMIZATION_LEVEL</key>
				<string>-Onone</string>
			</dict>
			<key>isa</key>
			<string>XCBuildConfiguration</string>
			<key>name</key>
			<string>Debug</string>
		</dict>
		<key>06B97E0D1B6432F9005D2C86</key>
		<dict>
			<key>buildSettings</key>
			<dict>
				<key>CLANG_ENABLE_MODULES</key>
				<string>YES</string>
				<key>DEFINES_MODULE</key>
				<string>YES</string>
				<key>DYLIB_COMPATIBILITY_VERSION</key>
				<string>1</string>
				<key>DYLIB_CURRENT_VERSION</key>
				<string>1</string>
				<key>DYLIB_INSTALL_NAME_BASE</key>
				<string>@rpath</string>
				<key>FRAMEWORK_SEARCH_PATHS</key>
				<array>
					<string>$(inherited)</string>
					<string>$(PROJECT_DIR)/Carthage/Build/iOS</string>
				</array>
				<key>INFOPLIST_FILE</key>
				<string>ReactiveDataSource/Supporting Files/Info.plist</string>
				<key>INSTALL_PATH</key>
				<string>$(LOCAL_LIBRARY_DIR)/Frameworks</string>
				<key>LD_RUNPATH_SEARCH_PATHS</key>
				<string>$(inherited) @executable_path/Frameworks @loader_path/Frameworks</string>
				<key>PRODUCT_BUNDLE_IDENTIFIER</key>
				<string>com.pierremarcairoldi.reactive-datasource</string>
				<key>PRODUCT_NAME</key>
				<string>$(TARGET_NAME)</string>
				<key>SKIP_INSTALL</key>
				<string>YES</string>
			</dict>
			<key>isa</key>
			<string>XCBuildConfiguration</string>
			<key>name</key>
			<string>Release</string>
		</dict>
		<key>06B97E0E1B6432F9005D2C86</key>
		<dict>
			<key>buildConfigurations</key>
			<array>
				<string>06B97E0F1B6432F9005D2C86</string>
				<string>06B97E101B6432F9005D2C86</string>
			</array>
			<key>defaultConfigurationIsVisible</key>
			<string>0</string>
			<key>defaultConfigurationName</key>
			<string>Release</string>
			<key>isa</key>
			<string>XCConfigurationList</string>
		</dict>
		<key>06B97E0F1B6432F9005D2C86</key>
		<dict>
			<key>buildSettings</key>
			<dict>
				<key>FRAMEWORK_SEARCH_PATHS</key>
				<array>
					<string>$(inherited)</string>
					<string>$(PROJECT_DIR)/Carthage/Build/iOS</string>
				</array>
				<key>INFOPLIST_FILE</key>
				<string>UnitTests/Supporting Files/Info.plist</string>
				<key>LD_RUNPATH_SEARCH_PATHS</key>
				<string>$(inherited) @executable_path/Frameworks @loader_path/Frameworks</string>
				<key>PRODUCT_BUNDLE_IDENTIFIER</key>
				<string>com.pierremarcairoldi.ReactiveDataSourceTests</string>
				<key>PRODUCT_NAME</key>
				<string>$(TARGET_NAME)</string>
			</dict>
			<key>isa</key>
			<string>XCBuildConfiguration</string>
			<key>name</key>
			<string>Debug</string>
		</dict>
		<key>06B97E101B6432F9005D2C86</key>
		<dict>
			<key>buildSettings</key>
			<dict>
				<key>FRAMEWORK_SEARCH_PATHS</key>
				<array>
					<string>$(inherited)</string>
					<string>$(PROJECT_DIR)/Carthage/Build/iOS</string>
				</array>
				<key>INFOPLIST_FILE</key>
				<string>UnitTests/Supporting Files/Info.plist</string>
				<key>LD_RUNPATH_SEARCH_PATHS</key>
				<string>$(inherited) @executable_path/Frameworks @loader_path/Frameworks</string>
				<key>PRODUCT_BUNDLE_IDENTIFIER</key>
				<string>com.pierremarcairoldi.ReactiveDataSourceTests</string>
				<key>PRODUCT_NAME</key>
				<string>$(TARGET_NAME)</string>
			</dict>
			<key>isa</key>
			<string>XCBuildConfiguration</string>
			<key>name</key>
			<string>Release</string>
		</dict>
		<key>06E635891B65848B00C35246</key>
		<dict>
			<key>fileEncoding</key>
			<string>4</string>
			<key>isa</key>
			<string>PBXFileReference</string>
			<key>lastKnownFileType</key>
			<string>sourcecode.swift</string>
			<key>path</key>
			<string>Protocols.swift</string>
			<key>sourceTree</key>
			<string>&lt;group&gt;</string>
		</dict>
		<key>06E6358A1B65848B00C35246</key>
		<dict>
			<key>fileRef</key>
			<string>06E635891B65848B00C35246</string>
			<key>isa</key>
			<string>PBXBuildFile</string>
		</dict>
		<key>06E6358D1B65A0BE00C35246</key>
		<dict>
			<key>fileEncoding</key>
			<string>4</string>
			<key>isa</key>
			<string>PBXFileReference</string>
			<key>lastKnownFileType</key>
			<string>sourcecode.swift</string>
			<key>path</key>
			<string>Data.swift</string>
			<key>sourceTree</key>
			<string>&lt;group&gt;</string>
		</dict>
		<key>06E6358E1B65A0BE00C35246</key>
		<dict>
			<key>fileRef</key>
			<string>06E6358D1B65A0BE00C35246</string>
			<key>isa</key>
			<string>PBXBuildFile</string>
		</dict>
		<key>06E6358F1B65A10200C35246</key>
		<dict>
			<key>fileEncoding</key>
			<string>4</string>
			<key>isa</key>
			<string>PBXFileReference</string>
			<key>lastKnownFileType</key>
			<string>sourcecode.swift</string>
			<key>path</key>
			<string>CollectionViewDataSource.swift</string>
			<key>sourceTree</key>
			<string>&lt;group&gt;</string>
		</dict>
		<key>06E635901B65A10200C35246</key>
		<dict>
			<key>fileRef</key>
			<string>06E6358F1B65A10200C35246</string>
			<key>isa</key>
			<string>PBXBuildFile</string>
		</dict>
		<key>06E635911B65BA3A00C35246</key>
		<dict>
			<key>fileEncoding</key>
			<string>4</string>
			<key>isa</key>
			<string>PBXFileReference</string>
			<key>lastKnownFileType</key>
			<string>sourcecode.swift</string>
			<key>path</key>
			<string>UICollectionReusableView+ReactiveCocoa.swift</string>
			<key>sourceTree</key>
			<string>&lt;group&gt;</string>
		</dict>
		<key>06E635921B65BA3A00C35246</key>
		<dict>
			<key>fileRef</key>
			<string>06E635911B65BA3A00C35246</string>
			<key>isa</key>
			<string>PBXBuildFile</string>
		</dict>
		<key>06E635931B65BA5400C35246</key>
		<dict>
			<key>children</key>
			<array>
				<string>0613F0041B643CB30051384D</string>
				<string>0613F00A1B643CB30051384D</string>
				<string>06E635911B65BA3A00C35246</string>
			</array>
			<key>isa</key>
			<string>PBXGroup</string>
			<key>path</key>
			<string>Extensions</string>
			<key>sourceTree</key>
			<string>&lt;group&gt;</string>
		</dict>
		<key>06E635A61B65BE2400C35246</key>
		<dict>
			<key>children</key>
			<array>
				<string>06E635A71B65BE2400C35246</string>
				<string>06E635A81B65BE2400C35246</string>
				<string>06E635A91B65BE2400C35246</string>
			</array>
			<key>isa</key>
			<string>PBXGroup</string>
			<key>path</key>
			<string>CollectionView</string>
			<key>sourceTree</key>
			<string>&lt;group&gt;</string>
		</dict>
		<key>06E635A71B65BE2400C35246</key>
		<dict>
			<key>fileEncoding</key>
			<string>4</string>
			<key>isa</key>
			<string>PBXFileReference</string>
			<key>lastKnownFileType</key>
			<string>sourcecode.swift</string>
			<key>path</key>
			<string>CollectionViewCell.swift</string>
			<key>sourceTree</key>
			<string>&lt;group&gt;</string>
		</dict>
		<key>06E635A81B65BE2400C35246</key>
		<dict>
			<key>fileEncoding</key>
			<string>4</string>
			<key>isa</key>
			<string>PBXFileReference</string>
			<key>lastKnownFileType</key>
			<string>sourcecode.swift</string>
			<key>path</key>
			<string>CollectionViewController.swift</string>
			<key>sourceTree</key>
			<string>&lt;group&gt;</string>
		</dict>
		<key>06E635A91B65BE2400C35246</key>
		<dict>
			<key>fileEncoding</key>
			<string>4</string>
			<key>isa</key>
			<string>PBXFileReference</string>
			<key>lastKnownFileType</key>
			<string>sourcecode.swift</string>
			<key>path</key>
			<string>CollectionViewModel.swift</string>
			<key>sourceTree</key>
			<string>&lt;group&gt;</string>
		</dict>
		<key>06E635AA1B65BE2400C35246</key>
		<dict>
			<key>children</key>
			<array>
				<string>06E635AB1B65BE2400C35246</string>
				<string>06E635AC1B65BE2400C35246</string>
				<string>06E635AD1B65BE2400C35246</string>
			</array>
			<key>isa</key>
			<string>PBXGroup</string>
			<key>path</key>
			<string>TableView</string>
			<key>sourceTree</key>
			<string>&lt;group&gt;</string>
		</dict>
		<key>06E635AB1B65BE2400C35246</key>
		<dict>
			<key>fileEncoding</key>
			<string>4</string>
			<key>isa</key>
			<string>PBXFileReference</string>
			<key>lastKnownFileType</key>
			<string>sourcecode.swift</string>
			<key>path</key>
			<string>TableViewCell.swift</string>
			<key>sourceTree</key>
			<string>&lt;group&gt;</string>
		</dict>
		<key>06E635AC1B65BE2400C35246</key>
		<dict>
			<key>fileEncoding</key>
			<string>4</string>
			<key>isa</key>
			<string>PBXFileReference</string>
			<key>lastKnownFileType</key>
			<string>sourcecode.swift</string>
			<key>path</key>
			<string>TableViewController.swift</string>
			<key>sourceTree</key>
			<string>&lt;group&gt;</string>
		</dict>
		<key>06E635AD1B65BE2400C35246</key>
		<dict>
			<key>fileEncoding</key>
			<string>4</string>
			<key>isa</key>
			<string>PBXFileReference</string>
			<key>lastKnownFileType</key>
			<string>sourcecode.swift</string>
			<key>path</key>
			<string>TableViewModel.swift</string>
			<key>sourceTree</key>
			<string>&lt;group&gt;</string>
		</dict>
		<key>06E635AE1B65BE2400C35246</key>
		<dict>
			<key>fileRef</key>
			<string>06E635A71B65BE2400C35246</string>
			<key>isa</key>
			<string>PBXBuildFile</string>
		</dict>
		<key>06E635AF1B65BE2400C35246</key>
		<dict>
			<key>fileRef</key>
			<string>06E635A81B65BE2400C35246</string>
			<key>isa</key>
			<string>PBXBuildFile</string>
		</dict>
		<key>06E635B01B65BE2400C35246</key>
		<dict>
			<key>fileRef</key>
			<string>06E635A91B65BE2400C35246</string>
			<key>isa</key>
			<string>PBXBuildFile</string>
		</dict>
		<key>06E635B11B65BE2400C35246</key>
		<dict>
			<key>fileRef</key>
			<string>06E635AB1B65BE2400C35246</string>
			<key>isa</key>
			<string>PBXBuildFile</string>
		</dict>
		<key>06E635B21B65BE2400C35246</key>
		<dict>
			<key>fileRef</key>
			<string>06E635AC1B65BE2400C35246</string>
			<key>isa</key>
			<string>PBXBuildFile</string>
		</dict>
		<key>06E635B31B65BE2400C35246</key>
		<dict>
			<key>fileRef</key>
			<string>06E635AD1B65BE2400C35246</string>
			<key>isa</key>
			<string>PBXBuildFile</string>
		</dict>
		<key>06E635B41B65BE9300C35246</key>
		<dict>
			<key>fileEncoding</key>
			<string>4</string>
			<key>isa</key>
			<string>PBXFileReference</string>
			<key>lastKnownFileType</key>
			<string>sourcecode.swift</string>
			<key>path</key>
			<string>Model.swift</string>
			<key>sourceTree</key>
			<string>&lt;group&gt;</string>
		</dict>
		<key>06E635B51B65BE9300C35246</key>
		<dict>
			<key>fileRef</key>
			<string>06E635B41B65BE9300C35246</string>
			<key>isa</key>
			<string>PBXBuildFile</string>
		</dict>
	</dict>
	<key>rootObject</key>
	<string>06B97DEE1B6432F9005D2C86</string>
</dict>
</plist>
